// !$*UTF8*$!
{
	archiveVersion = 1;
	classes = {
	};
	objectVersion = 46;
	objects = {

/* Begin PBXBuildFile section */
		4E9C2D41EEB3DC9FF0ACD8FD /* Pods_BINGSearch.framework in Frameworks */ = {isa = PBXBuildFile; fileRef = 50ECF6C7BAEFE890E8B148A0 /* Pods_BINGSearch.framework */; };
		896623A31D622129009E2EE0 /* main.m in Sources */ = {isa = PBXBuildFile; fileRef = 896623A21D622129009E2EE0 /* main.m */; };
		896623A61D622129009E2EE0 /* AppDelegate.m in Sources */ = {isa = PBXBuildFile; fileRef = 896623A51D622129009E2EE0 /* AppDelegate.m */; };
		896623A91D622129009E2EE0 /* SearchController.m in Sources */ = {isa = PBXBuildFile; fileRef = 896623A81D622129009E2EE0 /* SearchController.m */; };
		896623AC1D622129009E2EE0 /* Main.storyboard in Resources */ = {isa = PBXBuildFile; fileRef = 896623AA1D622129009E2EE0 /* Main.storyboard */; };
		896623AE1D622129009E2EE0 /* Assets.xcassets in Resources */ = {isa = PBXBuildFile; fileRef = 896623AD1D622129009E2EE0 /* Assets.xcassets */; };
		896623B11D622129009E2EE0 /* LaunchScreen.storyboard in Resources */ = {isa = PBXBuildFile; fileRef = 896623AF1D622129009E2EE0 /* LaunchScreen.storyboard */; };
		896623BD1D6426F5009E2EE0 /* SearchResult.m in Sources */ = {isa = PBXBuildFile; fileRef = 896623BC1D6426F5009E2EE0 /* SearchResult.m */; };
		896623C01D642704009E2EE0 /* SearchPage.m in Sources */ = {isa = PBXBuildFile; fileRef = 896623BF1D642704009E2EE0 /* SearchPage.m */; };
		896623C31D6428EA009E2EE0 /* BINGSession.m in Sources */ = {isa = PBXBuildFile; fileRef = 896623C21D6428EA009E2EE0 /* BINGSession.m */; };
/* End PBXBuildFile section */

/* Begin PBXFileReference section */
		50ECF6C7BAEFE890E8B148A0 /* Pods_BINGSearch.framework */ = {isa = PBXFileReference; explicitFileType = wrapper.framework; includeInIndex = 0; path = Pods_BINGSearch.framework; sourceTree = BUILT_PRODUCTS_DIR; };
		7ED9A0D0AB51ED8356AFE585 /* Pods-BINGSearch.debug.xcconfig */ = {isa = PBXFileReference; includeInIndex = 1; lastKnownFileType = text.xcconfig; name = "Pods-BINGSearch.debug.xcconfig"; path = "Pods/Target Support Files/Pods-BINGSearch/Pods-BINGSearch.debug.xcconfig"; sourceTree = "<group>"; };
		8966239E1D622129009E2EE0 /* BINGSearch.app */ = {isa = PBXFileReference; explicitFileType = wrapper.application; includeInIndex = 0; path = BINGSearch.app; sourceTree = BUILT_PRODUCTS_DIR; };
		896623A21D622129009E2EE0 /* main.m */ = {isa = PBXFileReference; lastKnownFileType = sourcecode.c.objc; path = main.m; sourceTree = "<group>"; };
		896623A41D622129009E2EE0 /* AppDelegate.h */ = {isa = PBXFileReference; lastKnownFileType = sourcecode.c.h; path = AppDelegate.h; sourceTree = "<group>"; };
		896623A51D622129009E2EE0 /* AppDelegate.m */ = {isa = PBXFileReference; lastKnownFileType = sourcecode.c.objc; path = AppDelegate.m; sourceTree = "<group>"; };
		896623A71D622129009E2EE0 /* SearchController.h */ = {isa = PBXFileReference; lastKnownFileType = sourcecode.c.h; path = SearchController.h; sourceTree = "<group>"; };
		896623A81D622129009E2EE0 /* SearchController.m */ = {isa = PBXFileReference; lastKnownFileType = sourcecode.c.objc; path = SearchController.m; sourceTree = "<group>"; };
		896623AB1D622129009E2EE0 /* Base */ = {isa = PBXFileReference; lastKnownFileType = file.storyboard; name = Base; path = Base.lproj/Main.storyboard; sourceTree = "<group>"; };
		896623AD1D622129009E2EE0 /* Assets.xcassets */ = {isa = PBXFileReference; lastKnownFileType = folder.assetcatalog; path = Assets.xcassets; sourceTree = "<group>"; };
		896623B01D622129009E2EE0 /* Base */ = {isa = PBXFileReference; lastKnownFileType = file.storyboard; name = Base; path = Base.lproj/LaunchScreen.storyboard; sourceTree = "<group>"; };
		896623B21D622129009E2EE0 /* Info.plist */ = {isa = PBXFileReference; lastKnownFileType = text.plist.xml; path = Info.plist; sourceTree = "<group>"; };
		896623BB1D6426F5009E2EE0 /* SearchResult.h */ = {isa = PBXFileReference; fileEncoding = 4; lastKnownFileType = sourcecode.c.h; path = SearchResult.h; sourceTree = "<group>"; };
		896623BC1D6426F5009E2EE0 /* SearchResult.m */ = {isa = PBXFileReference; fileEncoding = 4; lastKnownFileType = sourcecode.c.objc; path = SearchResult.m; sourceTree = "<group>"; };
		896623BE1D642704009E2EE0 /* SearchPage.h */ = {isa = PBXFileReference; fileEncoding = 4; lastKnownFileType = sourcecode.c.h; path = SearchPage.h; sourceTree = "<group>"; };
		896623BF1D642704009E2EE0 /* SearchPage.m */ = {isa = PBXFileReference; fileEncoding = 4; lastKnownFileType = sourcecode.c.objc; path = SearchPage.m; sourceTree = "<group>"; };
		896623C11D6428EA009E2EE0 /* BINGSession.h */ = {isa = PBXFileReference; fileEncoding = 4; lastKnownFileType = sourcecode.c.h; path = BINGSession.h; sourceTree = "<group>"; };
		896623C21D6428EA009E2EE0 /* BINGSession.m */ = {isa = PBXFileReference; fileEncoding = 4; lastKnownFileType = sourcecode.c.objc; path = BINGSession.m; sourceTree = "<group>"; };
		A39D42263BA1C3E57DEC31DF /* Pods-BINGSearch.release.xcconfig */ = {isa = PBXFileReference; includeInIndex = 1; lastKnownFileType = text.xcconfig; name = "Pods-BINGSearch.release.xcconfig"; path = "Pods/Target Support Files/Pods-BINGSearch/Pods-BINGSearch.release.xcconfig"; sourceTree = "<group>"; };
/* End PBXFileReference section */

/* Begin PBXFrameworksBuildPhase section */
		8966239B1D622129009E2EE0 /* Frameworks */ = {
			isa = PBXFrameworksBuildPhase;
			buildActionMask = 2147483647;
			files = (
				4E9C2D41EEB3DC9FF0ACD8FD /* Pods_BINGSearch.framework in Frameworks */,
			);
			runOnlyForDeploymentPostprocessing = 0;
		};
/* End PBXFrameworksBuildPhase section */

/* Begin PBXGroup section */
		6027C90DBB146B5A9E8F8D85 /* Pods */ = {
			isa = PBXGroup;
			children = (
				7ED9A0D0AB51ED8356AFE585 /* Pods-BINGSearch.debug.xcconfig */,
				A39D42263BA1C3E57DEC31DF /* Pods-BINGSearch.release.xcconfig */,
			);
			name = Pods;
			sourceTree = "<group>";
		};
		7681AB861F31E4B711911C6A /* Frameworks */ = {
			isa = PBXGroup;
			children = (
				50ECF6C7BAEFE890E8B148A0 /* Pods_BINGSearch.framework */,
			);
			name = Frameworks;
			sourceTree = "<group>";
		};
		896623951D622129009E2EE0 = {
			isa = PBXGroup;
			children = (
				896623A01D622129009E2EE0 /* BINGSearch */,
				8966239F1D622129009E2EE0 /* Products */,
				6027C90DBB146B5A9E8F8D85 /* Pods */,
				7681AB861F31E4B711911C6A /* Frameworks */,
			);
			sourceTree = "<group>";
		};
		8966239F1D622129009E2EE0 /* Products */ = {
			isa = PBXGroup;
			children = (
				8966239E1D622129009E2EE0 /* BINGSearch.app */,
			);
			name = Products;
			sourceTree = "<group>";
		};
		896623A01D622129009E2EE0 /* BINGSearch */ = {
			isa = PBXGroup;
			children = (
				896623A41D622129009E2EE0 /* AppDelegate.h */,
				896623A51D622129009E2EE0 /* AppDelegate.m */,
				896623A71D622129009E2EE0 /* SearchController.h */,
				896623A81D622129009E2EE0 /* SearchController.m */,
				896623C11D6428EA009E2EE0 /* BINGSession.h */,
				896623C21D6428EA009E2EE0 /* BINGSession.m */,
				896623BB1D6426F5009E2EE0 /* SearchResult.h */,
				896623BC1D6426F5009E2EE0 /* SearchResult.m */,
				896623BE1D642704009E2EE0 /* SearchPage.h */,
				896623BF1D642704009E2EE0 /* SearchPage.m */,
				896623AA1D622129009E2EE0 /* Main.storyboard */,
				896623AD1D622129009E2EE0 /* Assets.xcassets */,
				896623AF1D622129009E2EE0 /* LaunchScreen.storyboard */,
				896623B21D622129009E2EE0 /* Info.plist */,
				896623A11D622129009E2EE0 /* Supporting Files */,
			);
			path = BINGSearch;
			sourceTree = "<group>";
		};
		896623A11D622129009E2EE0 /* Supporting Files */ = {
			isa = PBXGroup;
			children = (
				896623A21D622129009E2EE0 /* main.m */,
			);
			name = "Supporting Files";
			sourceTree = "<group>";
		};
/* End PBXGroup section */

/* Begin PBXNativeTarget section */
		8966239D1D622129009E2EE0 /* BINGSearch */ = {
			isa = PBXNativeTarget;
			buildConfigurationList = 896623B51D622129009E2EE0 /* Build configuration list for PBXNativeTarget "BINGSearch" */;
			buildPhases = (
				43F5AD292558EFAB438773E9 /* [CP] Check Pods Manifest.lock */,
				8966239A1D622129009E2EE0 /* Sources */,
				8966239B1D622129009E2EE0 /* Frameworks */,
				8966239C1D622129009E2EE0 /* Resources */,
				C3CFF663750151C5EFE76E43 /* [CP] Embed Pods Frameworks */,
				03B652B768E949951A79370D /* [CP] Copy Pods Resources */,
			);
			buildRules = (
			);
			dependencies = (
			);
			name = BINGSearch;
			productName = BINGSearch;
			productReference = 8966239E1D622129009E2EE0 /* BINGSearch.app */;
			productType = "com.apple.product-type.application";
		};
/* End PBXNativeTarget section */

/* Begin PBXProject section */
		896623961D622129009E2EE0 /* Project object */ = {
			isa = PBXProject;
			attributes = {
				LastUpgradeCheck = 0730;
				ORGANIZATIONNAME = "Yuriy Pitomets";
				TargetAttributes = {
					8966239D1D622129009E2EE0 = {
						CreatedOnToolsVersion = 7.3.1;
					};
				};
			};
			buildConfigurationList = 896623991D622129009E2EE0 /* Build configuration list for PBXProject "BINGSearch" */;
			compatibilityVersion = "Xcode 3.2";
			developmentRegion = English;
			hasScannedForEncodings = 0;
			knownRegions = (
				en,
				Base,
			);
			mainGroup = 896623951D622129009E2EE0;
			productRefGroup = 8966239F1D622129009E2EE0 /* Products */;
			projectDirPath = "";
			projectRoot = "";
			targets = (
				8966239D1D622129009E2EE0 /* BINGSearch */,
			);
		};
/* End PBXProject section */

/* Begin PBXResourcesBuildPhase section */
		8966239C1D622129009E2EE0 /* Resources */ = {
			isa = PBXResourcesBuildPhase;
			buildActionMask = 2147483647;
			files = (
				896623B11D622129009E2EE0 /* LaunchScreen.storyboard in Resources */,
				896623AE1D622129009E2EE0 /* Assets.xcassets in Resources */,
				896623AC1D622129009E2EE0 /* Main.storyboard in Resources */,
			);
			runOnlyForDeploymentPostprocessing = 0;
		};
/* End PBXResourcesBuildPhase section */

/* Begin PBXShellScriptBuildPhase section */
		03B652B768E949951A79370D /* [CP] Copy Pods Resources */ = {
			isa = PBXShellScriptBuildPhase;
			buildActionMask = 2147483647;
			files = (
			);
			inputPaths = (
			);
			name = "[CP] Copy Pods Resources";
			outputPaths = (
			);
			runOnlyForDeploymentPostprocessing = 0;
			shellPath = /bin/sh;
			shellScript = "\"${SRCROOT}/Pods/Target Support Files/Pods-BINGSearch/Pods-BINGSearch-resources.sh\"\n";
			showEnvVarsInLog = 0;
		};
		43F5AD292558EFAB438773E9 /* [CP] Check Pods Manifest.lock */ = {
			isa = PBXShellScriptBuildPhase;
			buildActionMask = 2147483647;
			files = (
			);
			inputPaths = (
			);
			name = "[CP] Check Pods Manifest.lock";
			outputPaths = (
			);
			runOnlyForDeploymentPostprocessing = 0;
			shellPath = /bin/sh;
			shellScript = "diff \"${PODS_ROOT}/../Podfile.lock\" \"${PODS_ROOT}/Manifest.lock\" > /dev/null\nif [ $? != 0 ] ; then\n    # print error to STDERR\n    echo \"error: The sandbox is not in sync with the Podfile.lock. Run 'pod install' or update your CocoaPods installation.\" >&2\n    exit 1\nfi\n";
			showEnvVarsInLog = 0;
		};
		C3CFF663750151C5EFE76E43 /* [CP] Embed Pods Frameworks */ = {
			isa = PBXShellScriptBuildPhase;
			buildActionMask = 2147483647;
			files = (
			);
			inputPaths = (
			);
			name = "[CP] Embed Pods Frameworks";
			outputPaths = (
			);
			runOnlyForDeploymentPostprocessing = 0;
			shellPath = /bin/sh;
			shellScript = "\"${SRCROOT}/Pods/Target Support Files/Pods-BINGSearch/Pods-BINGSearch-frameworks.sh\"\n";
			showEnvVarsInLog = 0;
		};
/* End PBXShellScriptBuildPhase section */

/* Begin PBXSourcesBuildPhase section */
		8966239A1D622129009E2EE0 /* Sources */ = {
			isa = PBXSourcesBuildPhase;
			buildActionMask = 2147483647;
			files = (
				896623C31D6428EA009E2EE0 /* BINGSession.m in Sources */,
				896623A91D622129009E2EE0 /* SearchController.m in Sources */,
				896623A61D622129009E2EE0 /* AppDelegate.m in Sources */,
				896623C01D642704009E2EE0 /* SearchPage.m in Sources */,
				896623BD1D6426F5009E2EE0 /* SearchResult.m in Sources */,
				896623A31D622129009E2EE0 /* main.m in Sources */,
			);
			runOnlyForDeploymentPostprocessing = 0;
		};
/* End PBXSourcesBuildPhase section */

/* Begin PBXVariantGroup section */
		896623AA1D622129009E2EE0 /* Main.storyboard */ = {
			isa = PBXVariantGroup;
			children = (
				896623AB1D622129009E2EE0 /* Base */,
			);
			name = Main.storyboard;
			sourceTree = "<group>";
		};
		896623AF1D622129009E2EE0 /* LaunchScreen.storyboard */ = {
			isa = PBXVariantGroup;
			children = (
				896623B01D622129009E2EE0 /* Base */,
			);
			name = LaunchScreen.storyboard;
			sourceTree = "<group>";
		};
/* End PBXVariantGroup section */

/* Begin XCBuildConfiguration section */
		896623B31D622129009E2EE0 /* Debug */ = {
			isa = XCBuildConfiguration;
			buildSettings = {
				ALWAYS_SEARCH_USER_PATHS = NO;
				CLANG_ANALYZER_NONNULL = YES;
				CLANG_CXX_LANGUAGE_STANDARD = "gnu++0x";
				CLANG_CXX_LIBRARY = "libc++";
				CLANG_ENABLE_MODULES = YES;
				CLANG_ENABLE_OBJC_ARC = YES;
				CLANG_WARN_BOOL_CONVERSION = YES;
				CLANG_WARN_CONSTANT_CONVERSION = YES;
				CLANG_WARN_DIRECT_OBJC_ISA_USAGE = YES_ERROR;
				CLANG_WARN_EMPTY_BODY = YES;
				CLANG_WARN_ENUM_CONVERSION = YES;
				CLANG_WARN_INT_CONVERSION = YES;
				CLANG_WARN_OBJC_ROOT_CLASS = YES_ERROR;
				CLANG_WARN_UNREACHABLE_CODE = YES;
				CLANG_WARN__DUPLICATE_METHOD_MATCH = YES;
				"CODE_SIGN_IDENTITY[sdk=iphoneos*]" = "iPhone Developer";
				COPY_PHASE_STRIP = NO;
				DEBUG_INFORMATION_FORMAT = dwarf;
				ENABLE_STRICT_OBJC_MSGSEND = YES;
				ENABLE_TESTABILITY = YES;
				GCC_C_LANGUAGE_STANDARD = gnu99;
				GCC_DYNAMIC_NO_PIC = NO;
				GCC_NO_COMMON_BLOCKS = YES;
				GCC_OPTIMIZATION_LEVEL = 0;
				GCC_PREPROCESSOR_DEFINITIONS = (
					"DEBUG=1",
					"$(inherited)",
				);
				GCC_WARN_64_TO_32_BIT_CONVERSION = YES;
				GCC_WARN_ABOUT_RETURN_TYPE = YES_ERROR;
				GCC_WARN_UNDECLARED_SELECTOR = YES;
				GCC_WARN_UNINITIALIZED_AUTOS = YES_AGGRESSIVE;
				GCC_WARN_UNUSED_FUNCTION = YES;
				GCC_WARN_UNUSED_VARIABLE = YES;
				IPHONEOS_DEPLOYMENT_TARGET = 9.3;
				MTL_ENABLE_DEBUG_INFO = YES;
				ONLY_ACTIVE_ARCH = YES;
				SDKROOT = iphoneos;
				TARGETED_DEVICE_FAMILY = "1,2";
			};
			name = Debug;
		};
		896623B41D622129009E2EE0 /* Release */ = {
			isa = XCBuildConfiguration;
			buildSettings = {
				ALWAYS_SEARCH_USER_PATHS = NO;
				CLANG_ANALYZER_NONNULL = YES;
				CLANG_CXX_LANGUAGE_STANDARD = "gnu++0x";
				CLANG_CXX_LIBRARY = "libc++";
				CLANG_ENABLE_MODULES = YES;
				CLANG_ENABLE_OBJC_ARC = YES;
				CLANG_WARN_BOOL_CONVERSION = YES;
				CLANG_WARN_CONSTANT_CONVERSION = YES;
				CLANG_WARN_DIRECT_OBJC_ISA_USAGE = YES_ERROR;
				CLANG_WARN_EMPTY_BODY = YES;
				CLANG_WARN_ENUM_CONVERSION = YES;
				CLANG_WARN_INT_CONVERSION = YES;
				CLANG_WARN_OBJC_ROOT_CLASS = YES_ERROR;
				CLANG_WARN_UNREACHABLE_CODE = YES;
				CLANG_WARN__DUPLICATE_METHOD_MATCH = YES;
				"CODE_SIGN_IDENTITY[sdk=iphoneos*]" = "iPhone Developer";
				COPY_PHASE_STRIP = NO;
				DEBUG_INFORMATION_FORMAT = "dwarf-with-dsym";
				ENABLE_NS_ASSERTIONS = NO;
				ENABLE_STRICT_OBJC_MSGSEND = YES;
				GCC_C_LANGUAGE_STANDARD = gnu99;
				GCC_NO_COMMON_BLOCKS = YES;
				GCC_WARN_64_TO_32_BIT_CONVERSION = YES;
				GCC_WARN_ABOUT_RETURN_TYPE = YES_ERROR;
				GCC_WARN_UNDECLARED_SELECTOR = YES;
				GCC_WARN_UNINITIALIZED_AUTOS = YES_AGGRESSIVE;
				GCC_WARN_UNUSED_FUNCTION = YES;
				GCC_WARN_UNUSED_VARIABLE = YES;
				IPHONEOS_DEPLOYMENT_TARGET = 9.3;
				MTL_ENABLE_DEBUG_INFO = NO;
				SDKROOT = iphoneos;
				TARGETED_DEVICE_FAMILY = "1,2";
				VALIDATE_PRODUCT = YES;
			};
			name = Release;
		};
		896623B61D622129009E2EE0 /* Debug */ = {
			isa = XCBuildConfiguration;
			baseConfigurationReference = 7ED9A0D0AB51ED8356AFE585 /* Pods-BINGSearch.debug.xcconfig */;
			buildSettings = {
				ASSETCATALOG_COMPILER_APPICON_NAME = AppIcon;
				INFOPLIST_FILE = BINGSearch/Info.plist;
				IPHONEOS_DEPLOYMENT_TARGET = 8.0;
				LD_RUNPATH_SEARCH_PATHS = "$(inherited) @executable_path/Frameworks";
				PRODUCT_BUNDLE_IDENTIFIER = com.Yuriy.Pitomets.BINGSearch;
				PRODUCT_NAME = "$(TARGET_NAME)";
			};
			name = Debug;
		};
		896623B71D622129009E2EE0 /* Release */ = {
			isa = XCBuildConfiguration;
			baseConfigurationReference = A39D42263BA1C3E57DEC31DF /* Pods-BINGSearch.release.xcconfig */;
			buildSettings = {
				ASSETCATALOG_COMPILER_APPICON_NAME = AppIcon;
				INFOPLIST_FILE = BINGSearch/Info.plist;
				IPHONEOS_DEPLOYMENT_TARGET = 8.0;
				LD_RUNPATH_SEARCH_PATHS = "$(inherited) @executable_path/Frameworks";
				PRODUCT_BUNDLE_IDENTIFIER = com.Yuriy.Pitomets.BINGSearch;
				PRODUCT_NAME = "$(TARGET_NAME)";
			};
			name = Release;
		};
/* End XCBuildConfiguration section */

/* Begin XCConfigurationList section */
		896623991D622129009E2EE0 /* Build configuration list for PBXProject "BINGSearch" */ = {
			isa = XCConfigurationList;
			buildConfigurations = (
				896623B31D622129009E2EE0 /* Debug */,
				896623B41D622129009E2EE0 /* Release */,
			);
			defaultConfigurationIsVisible = 0;
			defaultConfigurationName = Release;
		};
		896623B51D622129009E2EE0 /* Build configuration list for PBXNativeTarget "BINGSearch" */ = {
			isa = XCConfigurationList;
			buildConfigurations = (
				896623B61D622129009E2EE0 /* Debug */,
				896623B71D622129009E2EE0 /* Release */,
			);
			defaultConfigurationIsVisible = 0;
			defaultConfigurationName = Release;
		};
/* End XCConfigurationList section */
	};
	rootObject = 896623961D622129009E2EE0 /* Project object */;
}
